{
  "name": "@relayed/spike-hindsight",
  "lockfileVersion": 3,
  "requires": true,
  "packages": {
    "": {
      "name": "@relayed/spike-hindsight",
      "dependencies": {
        "@vectorize-io/hindsight-client": "*"
      }
    },
    "node_modules/@vectorize-io/hindsight-client": {
      "version": "0.10.0",
      "resolved": "https://registry.npmjs.org/@vectorize-io/hindsight-client/-/hindsight-client-0.10.0.tgz",
      "integrity": "sha512-YKbFQF8RzjxrAufdzxNtKwQicNFaYJ9uzr4Q2phHEeFwa9022iI26sKfhuLMzu0vkGRjVbVjJiGFcxhEGLDGSA==",
      "license": "MIT"
    }
  }
}
